<?xml version="1.0" encoding="utf-8"?>
<Project ToolsVersion="4.0" xmlns="http://schemas.microsoft.com/developer/msbuild/2003">
  <ItemGroup>
    <Filter Include="源文件">
      <UniqueIdentifier>{4FC737F1-C7A5-4376-A066-2A32D752A2FF}</UniqueIdentifier>
      <Extensions>cpp;c;cc;cxx;c++;cppm;ixx;def;odl;idl;hpj;bat;asm;asmx</Extensions>
    </Filter>
    <Filter Include="头文件">
      <UniqueIdentifier>{93995380-89BD-4b04-88EB-625FBE52EBFB}</UniqueIdentifier>
      <Extensions>h;hh;hpp;hxx;h++;hm;inl;inc;ipp;xsd</Extensions>
    </Filter>
    <Filter Include="头文件\ImGui">
      <UniqueIdentifier>{aa04a886-1765-4e00-ab8e-306d256d431b}</UniqueIdentifier>
    </Filter>
    <Filter Include="源文件\资源文件">
      <UniqueIdentifier>{67DA6AB6-F800-4c08-8B7A-83BB121AAD01}</UniqueIdentifier>
      <Extensions>rc;ico;cur;bmp;dlg;rc2;rct;bin;rgs;gif;jpg;jpeg;jpe;resx;tiff;tif;png;wav;mfcribbon-ms</Extensions>
    </Filter>
  </ItemGroup>
  <ItemGroup>
    <ClCompile Include="main.cpp">
      <Filter>源文件</Filter>
    </ClCompile>
    <ClCompile Include="offsets.h">
      <Filter>源文件</Filter>
    </ClCompile>
    <ClCompile Include="Fucking ImGui\imgui.cpp">
      <Filter>头文件\ImGui</Filter>
    </ClCompile>
    <ClCompile Include="Fucking ImGui\imgui_demo.cpp">
      <Filter>头文件\ImGui</Filter>
    </ClCompile>
    <ClCompile Include="Fucking ImGui\imgui_draw.cpp">
      <Filter>头文件\ImGui</Filter>
    </ClCompile>
    <ClCompile Include="Fucking ImGui\imgui_impl_dx9.cpp">
      <Filter>头文件\ImGui</Filter>
    </ClCompile>
    <ClCompile Include="Fucking ImGui\imgui_impl_dx11.cpp">
      <Filter>头文件\ImGui</Filter>
    </ClCompile>
    <ClCompile Include="Fucking ImGui\imgui_impl_win32.cpp">
      <Filter>头文件\ImGui</Filter>
    </ClCompile>
    <ClCompile Include="Fucking ImGui\imgui_tables.cpp">
      <Filter>头文件\ImGui</Filter>
    </ClCompile>
    <ClCompile Include="Fucking ImGui\imgui_widgets.cpp">
      <Filter>头文件\ImGui</Filter>
    </ClCompile>
    <ClCompile Include="imgui_toggle.cpp">
      <Filter>头文件\ImGui</Filter>
    </ClCompile>
    <ClCompile Include="imgui_toggle_palette.cpp">
      <Filter>头文件\ImGui</Filter>
    </ClCompile>
    <ClCompile Include="imgui_toggle_presets.cpp">
      <Filter>头文件\ImGui</Filter>
    </ClCompile>
    <ClCompile Include="imgui_toggle_renderer.cpp">
      <Filter>头文件\ImGui</Filter>
    </ClCompile>
    <ClCompile Include="SignatureScanner.cpp">
      <Filter>源文件</Filter>
    </ClCompile>
  </ItemGroup>
  <ItemGroup>
    <ClInclude Include="Driver.h">
      <Filter>头文件</Filter>
    </ClInclude>
    <ClInclude Include="entity.hpp">
      <Filter>头文件</Filter>
    </ClInclude>
    <ClInclude Include="apex.hpp">
      <Filter>头文件</Filter>
    </ClInclude>
    <ClInclude Include="structures.hpp">
      <Filter>头文件</Filter>
    </ClInclude>
    <ClInclude Include="GlobalVar.hpp">
      <Filter>头文件</Filter>
    </ClInclude>
    <ClInclude Include="includes.hpp">
      <Filter>头文件</Filter>
    </ClInclude>
    <ClInclude Include="target.hpp">
      <Filter>头文件</Filter>
    </ClInclude>
    <ClInclude Include="GlowEsp.hpp">
      <Filter>头文件</Filter>
    </ClInclude>
    <ClInclude Include="Config.hpp">
      <Filter>头文件</Filter>
    </ClInclude>
    <ClInclude Include="Fucking ImGui\imconfig.h">
      <Filter>头文件\ImGui</Filter>
    </ClInclude>
    <ClInclude Include="Fucking ImGui\imgui.h">
      <Filter>头文件\ImGui</Filter>
    </ClInclude>
    <ClInclude Include="Fucking ImGui\imgui_impl_dx9.h">
      <Filter>头文件\ImGui</Filter>
    </ClInclude>
    <ClInclude Include="Fucking ImGui\imgui_impl_dx11.h">
      <Filter>头文件\ImGui</Filter>
    </ClInclude>
    <ClInclude Include="Fucking ImGui\imgui_impl_win32.h">
      <Filter>头文件\ImGui</Filter>
    </ClInclude>
    <ClInclude Include="Fucking ImGui\imgui_internal.h">
      <Filter>头文件\ImGui</Filter>
    </ClInclude>
    <ClInclude Include="Fucking ImGui\imstb_rectpack.h">
      <Filter>头文件\ImGui</Filter>
    </ClInclude>
    <ClInclude Include="Fucking ImGui\imstb_textedit.h">
      <Filter>头文件\ImGui</Filter>
    </ClInclude>
    <ClInclude Include="Fucking ImGui\imstb_truetype.h">
      <Filter>头文件\ImGui</Filter>
    </ClInclude>
    <ClInclude Include="Renderer.hpp">
      <Filter>头文件</Filter>
    </ClInclude>
    <ClInclude Include="Vector.hpp">
      <Filter>头文件</Filter>
    </ClInclude>
    <ClInclude Include="simhei.h">
      <Filter>头文件</Filter>
    </ClInclude>
    <ClInclude Include="candy.h">
      <Filter>头文件\ImGui</Filter>
    </ClInclude>
    <ClInclude Include="gradient.h">
      <Filter>头文件\ImGui</Filter>
    </ClInclude>
    <ClInclude Include="imgui_toggle.h">
      <Filter>头文件\ImGui</Filter>
    </ClInclude>
    <ClInclude Include="imgui_offset_rect.h">
      <Filter>头文件\ImGui</Filter>
    </ClInclude>
    <ClInclude Include="imgui_toggle_math.h">
      <Filter>头文件\ImGui</Filter>
    </ClInclude>
    <ClInclude Include="imgui_toggle_palette.h">
      <Filter>头文件\ImGui</Filter>
    </ClInclude>
    <ClInclude Include="imgui_toggle_presets.h">
      <Filter>头文件\ImGui</Filter>
    </ClInclude>
    <ClInclude Include="imgui_toggle_renderer.h">
      <Filter>头文件\ImGui</Filter>
    </ClInclude>
    <ClInclude Include="mapdriver.hpp">
      <Filter>头文件</Filter>
    </ClInclude>
    <ClInclude Include="shellcode.h">
      <Filter>头文件</Filter>
    </ClInclude>
    <ClInclude Include="auth.hpp">
      <Filter>头文件</Filter>
    </ClInclude>
    <ClInclude Include="json.hpp">
      <Filter>头文件</Filter>
    </ClInclude>
    <ClInclude Include="utils.hpp">
      <Filter>头文件</Filter>
    </ClInclude>
    <ClInclude Include="skStr.h">
      <Filter>头文件</Filter>
    </ClInclude>
    <ClInclude Include="SignatureScanner.h">
      <Filter>头文件</Filter>
    </ClInclude>
  </ItemGroup>
  <ItemGroup>
    <Library Include="libcurl.lib">
      <Filter>头文件</Filter>
    </Library>
    <Library Include="library_x64.lib">
      <Filter>头文件</Filter>
    </Library>
  </ItemGroup>
</Project>